<?xml version="1.0" encoding="utf-8"?>
<Project ToolsVersion="4.0" xmlns="http://schemas.microsoft.com/developer/msbuild/2003">
  <ItemGroup>
    <Filter Include="Source Files">
      <UniqueIdentifier>{4FC737F1-C7A5-4376-A066-2A32D752A2FF}</UniqueIdentifier>
      <Extensions>cpp;c;cc;cxx;def;odl;idl;hpj;bat;asm;asmx</Extensions>
    </Filter>
    <Filter Include="Header Files">
      <UniqueIdentifier>{93995380-89BD-4b04-88EB-625FBE52EBFB}</UniqueIdentifier>
      <Extensions>h;hh;hpp;hxx;hm;inl;inc;xsd</Extensions>
    </Filter>
    <Filter Include="Resource Files">
      <UniqueIdentifier>{67DA6AB6-F800-4c08-8B7A-83BB121AAD01}</UniqueIdentifier>
      <Extensions>rc;ico;cur;bmp;dlg;rc2;rct;bin;rgs;gif;jpg;jpeg;jpe;resx;tiff;tif;png;wav;mfcribbon-ms</Extensions>
    </Filter>
    <Filter Include="Source Files\PKB">
      <UniqueIdentifier>{61eb725c-8554-4b3a-b431-6096e432f55d}</UniqueIdentifier>
    </Filter>
    <Filter Include="Source Files\PQL">
      <UniqueIdentifier>{0a36204e-3c46-45c4-84b6-bee5367944dc}</UniqueIdentifier>
    </Filter>
    <Filter Include="Source Files\FrontEnd">
      <UniqueIdentifier>{09c6ddd1-a692-4b4e-917e-e772a4d73caf}</UniqueIdentifier>
    </Filter>
  </ItemGroup>
  <ItemGroup>
    <ClInclude Include="stdafx.h">
      <Filter>Header Files</Filter>
    </ClInclude>
    <ClInclude Include="targetver.h">
      <Filter>Header Files</Filter>
    </ClInclude>
    <ClInclude Include="DesignExtractorTest.h">
      <Filter>Header Files</Filter>
    </ClInclude>
    <ClInclude Include="QueryEvaluatorUnitTest.h">
      <Filter>Header Files</Filter>
    </ClInclude>
    <ClInclude Include="QueryParserUnitTest.h">
      <Filter>Header Files</Filter>
    </ClInclude>
    <ClInclude Include="SimulatedPKB.h">
      <Filter>Header Files</Filter>
    </ClInclude>
  </ItemGroup>
  <ItemGroup>
    <ClCompile Include="stdafx.cpp">
      <Filter>Source Files</Filter>
    </ClCompile>
    <ClCompile Include="TestPKB.cpp">
      <Filter>Source Files\PKB</Filter>
    </ClCompile>
    <ClCompile Include="TestShuntingYard.cpp">
      <Filter>Source Files</Filter>
    </ClCompile>
    <ClCompile Include="QueryEvaluatorUnitTest.cpp">
      <Filter>Source Files\PQL</Filter>
    </ClCompile>
    <ClCompile Include="QueryParserUnitTest.cpp">
      <Filter>Source Files\PQL</Filter>
    </ClCompile>
    <ClCompile Include="SimulatedPKB.cpp">
      <Filter>Source Files\FrontEnd</Filter>
    </ClCompile>
    <ClCompile Include="TestDE.cpp">
      <Filter>Source Files\FrontEnd</Filter>
    </ClCompile>
    <ClCompile Include="TestParser.cpp">
      <Filter>Source Files\FrontEnd</Filter>
    </ClCompile>
  </ItemGroup>
</Project>